{
  "name": "postgrest-worker-example",
  "version": "1.0.0",
  "lockfileVersion": 1,
  "requires": true,
  "dependencies": {
    "@supabase/postgrest-js": {
      "version": "0.31.1",
      "resolved": "https://registry.npmjs.org/@supabase/postgrest-js/-/postgrest-js-0.31.1.tgz",
      "integrity": "sha512-KR2ZfNkO7XJ9YM4jj5D9435wDLCqowAtM9cKq5UaldKrny/nfCHnRllAO/bkQMlgo/3DRqYoKKi2hghEE6JBnQ==",
      "requires": {
        "cross-fetch": "^3.0.6"
      }
    },
    "cross-fetch": {
      "version": "3.1.4",
      "resolved": "https://registry.npmjs.org/cross-fetch/-/cross-fetch-3.1.4.tgz",
      "integrity": "sha512-1eAtFWdIubi6T4XPy6ei9iUFoKpUkIF971QLN8lIvvvwueI65+Nw5haMNKUwfJxabqlIIDODJKGrQ66gxC0PbQ==",
      "requires": {
        "node-fetch": "2.6.1"
      }
    },
    "itty-router": {
      "version": "2.3.10",
      "resolved": "https://registry.npmjs.org/itty-router/-/itty-router-2.3.10.tgz",
      "integrity": "sha512-ul8quBGpHWZ1HAutnyXm9f9EAz9rLMEA+9bL/E31DviAb0skFhblxQrZLgq/IwgHRjt3HNoqmv8KuVYe094x4g=="
    },
    "node-fetch": {
      "version": "2.6.1",
      "resolved": "https://registry.npmjs.org/node-fetch/-/node-fetch-2.6.1.tgz",
      "integrity": "sha512-V4aYg89jEoVRxRb2fJdAg8FHvI7cEyYdVAh94HH0UIK8oJxUfkjlDQN9RbMx+bEjP7+ggMiFRprSti032Oipxw=="
    },
    "prettier": {
      "version": "1.19.1",
      "resolved": "https://registry.npmjs.org/prettier/-/prettier-1.19.1.tgz",
      "integrity": "sha512-s7PoyDv/II1ObgQunCbB9PdLmUcBZcnWOcxDh7O0N/UwDEsHyqkW+Qh28jW+mVuCdx7gLB0BotYI1Y6uI9iyew==",
      "dev": true
    }
  }
}
